// !$*UTF8*$!
{
	archiveVersion = 1;
	classes = {
	};
	objectVersion = 52;
	objects = {

/* Begin PBXBuildFile section */
		5AAA048297CAE13FA3C66BBC /* Pods_DGPPrivateData.framework in Frameworks */ = {isa = PBXBuildFile; fileRef = 841B5D729FAF67188FD843C3 /* Pods_DGPPrivateData.framework */; };
		C709A02C25E51633006DCAAE /* DGPPickerView.swift in Sources */ = {isa = PBXBuildFile; fileRef = C709A02B25E51633006DCAAE /* DGPPickerView.swift */; };
		C710205525F12B320085535B /* ListEntryPresenter.swift in Sources */ = {isa = PBXBuildFile; fileRef = C710204F25F12B320085535B /* ListEntryPresenter.swift */; };
		C710205625F12B320085535B /* ListEntryWorker.swift in Sources */ = {isa = PBXBuildFile; fileRef = C710205025F12B320085535B /* ListEntryWorker.swift */; };
		C710205725F12B320085535B /* ListEntryRouter.swift in Sources */ = {isa = PBXBuildFile; fileRef = C710205125F12B320085535B /* ListEntryRouter.swift */; };
		C710205825F12B320085535B /* ListEntryModels.swift in Sources */ = {isa = PBXBuildFile; fileRef = C710205225F12B320085535B /* ListEntryModels.swift */; };
		C710205925F12B320085535B /* ListEntryViewController.swift in Sources */ = {isa = PBXBuildFile; fileRef = C710205325F12B320085535B /* ListEntryViewController.swift */; };
		C710205A25F12B320085535B /* ListEntryInteractor.swift in Sources */ = {isa = PBXBuildFile; fileRef = C710205425F12B320085535B /* ListEntryInteractor.swift */; };
		C710206525F13CD60085535B /* AddEditEntryPresenter.swift in Sources */ = {isa = PBXBuildFile; fileRef = C710205F25F13CD60085535B /* AddEditEntryPresenter.swift */; };
		C710206625F13CD60085535B /* AddEditEntryWorker.swift in Sources */ = {isa = PBXBuildFile; fileRef = C710206025F13CD60085535B /* AddEditEntryWorker.swift */; };
		C710206725F13CD60085535B /* AddEditEntryRouter.swift in Sources */ = {isa = PBXBuildFile; fileRef = C710206125F13CD60085535B /* AddEditEntryRouter.swift */; };
		C710206825F13CD60085535B /* AddEditEntryModels.swift in Sources */ = {isa = PBXBuildFile; fileRef = C710206225F13CD60085535B /* AddEditEntryModels.swift */; };
		C710206925F13CD60085535B /* AddEditEntryViewController.swift in Sources */ = {isa = PBXBuildFile; fileRef = C710206325F13CD60085535B /* AddEditEntryViewController.swift */; };
		C710206A25F13CD60085535B /* AddEditEntryInteractor.swift in Sources */ = {isa = PBXBuildFile; fileRef = C710206425F13CD60085535B /* AddEditEntryInteractor.swift */; };
		C71BF30025F61E4C002239BE /* PasswordGeneratorPresenter.swift in Sources */ = {isa = PBXBuildFile; fileRef = C71BF2FA25F61E4C002239BE /* PasswordGeneratorPresenter.swift */; };
		C71BF30125F61E4C002239BE /* PasswordGeneratorWorker.swift in Sources */ = {isa = PBXBuildFile; fileRef = C71BF2FB25F61E4C002239BE /* PasswordGeneratorWorker.swift */; };
		C71BF30225F61E4C002239BE /* PasswordGeneratorRouter.swift in Sources */ = {isa = PBXBuildFile; fileRef = C71BF2FC25F61E4C002239BE /* PasswordGeneratorRouter.swift */; };
		C71BF30325F61E4C002239BE /* PasswordGeneratorModels.swift in Sources */ = {isa = PBXBuildFile; fileRef = C71BF2FD25F61E4C002239BE /* PasswordGeneratorModels.swift */; };
		C71BF30425F61E4C002239BE /* PasswordGeneratorViewController.swift in Sources */ = {isa = PBXBuildFile; fileRef = C71BF2FE25F61E4C002239BE /* PasswordGeneratorViewController.swift */; };
		C71BF30525F61E4C002239BE /* PasswordGeneratorInteractor.swift in Sources */ = {isa = PBXBuildFile; fileRef = C71BF2FF25F61E4C002239BE /* PasswordGeneratorInteractor.swift */; };
		C71BF30725F61F5C002239BE /* PasswordGeneratorView.swift in Sources */ = {isa = PBXBuildFile; fileRef = C71BF30625F61F5C002239BE /* PasswordGeneratorView.swift */; };
		C71BF30B25F6322B002239BE /* DefaultStyleElement.swift in Sources */ = {isa = PBXBuildFile; fileRef = C71BF30A25F6322B002239BE /* DefaultStyleElement.swift */; };
		C71BF30D25F63945002239BE /* ConfigSliderViewCell.swift in Sources */ = {isa = PBXBuildFile; fileRef = C71BF30C25F63945002239BE /* ConfigSliderViewCell.swift */; };
		C71BF30F25F639A1002239BE /* ConfigStepperViewCell.swift in Sources */ = {isa = PBXBuildFile; fileRef = C71BF30E25F639A1002239BE /* ConfigStepperViewCell.swift */; };
		C72D8AF825DFEB1C0069C72E /* AddEditEntryView.swift in Sources */ = {isa = PBXBuildFile; fileRef = C72D8AF725DFEB1C0069C72E /* AddEditEntryView.swift */; };
		C72D8AFA25E01E3E0069C72E /* FieldEntryView.swift in Sources */ = {isa = PBXBuildFile; fileRef = C72D8AF925E01E3E0069C72E /* FieldEntryView.swift */; };
		C72D8AFD25E024FB0069C72E /* Colors.swift in Sources */ = {isa = PBXBuildFile; fileRef = C72D8AFC25E024FB0069C72E /* Colors.swift */; };
		C7331AB025F234FF00CDE439 /* ErrorViewModel.swift in Sources */ = {isa = PBXBuildFile; fileRef = C7331AAF25F234FF00CDE439 /* ErrorViewModel.swift */; };
		C7331AC025F291D000CDE439 /* AuthenticationPresenter.swift in Sources */ = {isa = PBXBuildFile; fileRef = C7331ABA25F291D000CDE439 /* AuthenticationPresenter.swift */; };
		C7331AC125F291D000CDE439 /* AuthenticationWorker.swift in Sources */ = {isa = PBXBuildFile; fileRef = C7331ABB25F291D000CDE439 /* AuthenticationWorker.swift */; };
		C7331AC225F291D000CDE439 /* AuthenticationRouter.swift in Sources */ = {isa = PBXBuildFile; fileRef = C7331ABC25F291D000CDE439 /* AuthenticationRouter.swift */; };
		C7331AC325F291D000CDE439 /* AuthenticationModels.swift in Sources */ = {isa = PBXBuildFile; fileRef = C7331ABD25F291D000CDE439 /* AuthenticationModels.swift */; };
		C7331AC425F291D000CDE439 /* AuthenticationViewController.swift in Sources */ = {isa = PBXBuildFile; fileRef = C7331ABE25F291D000CDE439 /* AuthenticationViewController.swift */; };
		C7331AC525F291D000CDE439 /* AuthenticationInteractor.swift in Sources */ = {isa = PBXBuildFile; fileRef = C7331ABF25F291D000CDE439 /* AuthenticationInteractor.swift */; };
		C7331AC725F2933800CDE439 /* AuthenticationView.swift in Sources */ = {isa = PBXBuildFile; fileRef = C7331AC625F2933800CDE439 /* AuthenticationView.swift */; };
		C738A52E265AB0A000B63AF8 /* Entry.swift in Sources */ = {isa = PBXBuildFile; fileRef = C738A52D265AB0A000B63AF8 /* Entry.swift */; };
		C738A53D265AC58B00B63AF8 /* EntryRepository.swift in Sources */ = {isa = PBXBuildFile; fileRef = C738A53C265AC58B00B63AF8 /* EntryRepository.swift */; };
		C738A540265AC92600B63AF8 /* UnitOfWork.swift in Sources */ = {isa = PBXBuildFile; fileRef = C738A53F265AC92600B63AF8 /* UnitOfWork.swift */; };
		C74861172667F1BB002E9846 /* ListEntryWorkerTest.swift in Sources */ = {isa = PBXBuildFile; fileRef = C74861162667F1BB002E9846 /* ListEntryWorkerTest.swift */; };
		C7501902264EDA98003E34D8 /* UserDefaultPreferencesService.swift in Sources */ = {isa = PBXBuildFile; fileRef = C7501901264EDA98003E34D8 /* UserDefaultPreferencesService.swift */; };
		C759827B266CEB75002520E4 /* XCTestCaseExtension.swift in Sources */ = {isa = PBXBuildFile; fileRef = C759827A266CEB75002520E4 /* XCTestCaseExtension.swift */; };
		C75B17F22663F5AA0030DD51 /* FilterOptionViewModel.swift in Sources */ = {isa = PBXBuildFile; fileRef = C75B17F12663F5AA0030DD51 /* FilterOptionViewModel.swift */; };
		C75B17F62663F6150030DD51 /* Filter.swift in Sources */ = {isa = PBXBuildFile; fileRef = C75B17F52663F6150030DD51 /* Filter.swift */; };
		C763B586266BC08E002C8FB4 /* CoreDataRepositoryServiceTest.swift in Sources */ = {isa = PBXBuildFile; fileRef = C763B585266BC08E002C8FB4 /* CoreDataRepositoryServiceTest.swift */; };
		C77A398F264EDF3A00ACB630 /* SequenceExtension.swift in Sources */ = {isa = PBXBuildFile; fileRef = C77A398E264EDF3A00ACB630 /* SequenceExtension.swift */; };
		C77BB3B826583158009C591C /* PasswordGeneratorComposer.swift in Sources */ = {isa = PBXBuildFile; fileRef = C77BB3B726583158009C591C /* PasswordGeneratorComposer.swift */; };
		C782163F265166FF00323093 /* NeumorphismButton.swift in Sources */ = {isa = PBXBuildFile; fileRef = C782163E265166FF00323093 /* NeumorphismButton.swift */; };
		C78216412651671F00323093 /* NeumorphismExtensions.swift in Sources */ = {isa = PBXBuildFile; fileRef = C78216402651671F00323093 /* NeumorphismExtensions.swift */; };
		C78216432651698000323093 /* Media.xcassets in Resources */ = {isa = PBXBuildFile; fileRef = C78216422651698000323093 /* Media.xcassets */; };
		C78216452651741C00323093 /* ColorsExtension.swift in Sources */ = {isa = PBXBuildFile; fileRef = C78216442651741C00323093 /* ColorsExtension.swift */; };
		C78DFF922660109600DD8298 /* UITextfieldTextview.swift in Sources */ = {isa = PBXBuildFile; fileRef = C78DFF912660109600DD8298 /* UITextfieldTextview.swift */; };
		C794C9B22659727800E6AC1F /* PasswordManagerTest.swift in Sources */ = {isa = PBXBuildFile; fileRef = C794C9B12659727800E6AC1F /* PasswordManagerTest.swift */; };
		C794C9B626599AFC00E6AC1F /* Repository.swift in Sources */ = {isa = PBXBuildFile; fileRef = C794C9B526599AFC00E6AC1F /* Repository.swift */; };
		C794C9B926599D2800E6AC1F /* CoreDataRepository.swift in Sources */ = {isa = PBXBuildFile; fileRef = C794C9B826599D2800E6AC1F /* CoreDataRepository.swift */; };
		C794C9BC2659A4F700E6AC1F /* CategoryRepository.swift in Sources */ = {isa = PBXBuildFile; fileRef = C794C9BB2659A4F700E6AC1F /* CategoryRepository.swift */; };
		C794C9C62659A77B00E6AC1F /* CategoryMO+CoreDataClass.swift in Sources */ = {isa = PBXBuildFile; fileRef = C794C9C02659A77B00E6AC1F /* CategoryMO+CoreDataClass.swift */; };
		C794C9C72659A77B00E6AC1F /* CategoryMO+CoreDataProperties.swift in Sources */ = {isa = PBXBuildFile; fileRef = C794C9C12659A77B00E6AC1F /* CategoryMO+CoreDataProperties.swift */; };
		C794C9C82659A77B00E6AC1F /* MasterUserMO+CoreDataClass.swift in Sources */ = {isa = PBXBuildFile; fileRef = C794C9C22659A77B00E6AC1F /* MasterUserMO+CoreDataClass.swift */; };
		C794C9C92659A77B00E6AC1F /* MasterUserMO+CoreDataProperties.swift in Sources */ = {isa = PBXBuildFile; fileRef = C794C9C32659A77B00E6AC1F /* MasterUserMO+CoreDataProperties.swift */; };
		C794C9CA2659A77B00E6AC1F /* EntryMO+CoreDataClass.swift in Sources */ = {isa = PBXBuildFile; fileRef = C794C9C42659A77B00E6AC1F /* EntryMO+CoreDataClass.swift */; };
		C794C9CB2659A77B00E6AC1F /* EntryMO+CoreDataProperties.swift in Sources */ = {isa = PBXBuildFile; fileRef = C794C9C52659A77B00E6AC1F /* EntryMO+CoreDataProperties.swift */; };
		C794C9CF2659A92100E6AC1F /* Category.swift in Sources */ = {isa = PBXBuildFile; fileRef = C794C9CE2659A92100E6AC1F /* Category.swift */; };
		C794C9D22659AA1100E6AC1F /* DomainModel.swift in Sources */ = {isa = PBXBuildFile; fileRef = C794C9D12659AA1100E6AC1F /* DomainModel.swift */; };
		C7AE5DF925FD1CC400C4C4D7 /* FilterPresenter.swift in Sources */ = {isa = PBXBuildFile; fileRef = C7AE5DF325FD1CC400C4C4D7 /* FilterPresenter.swift */; };
		C7AE5DFA25FD1CC400C4C4D7 /* FilterWorker.swift in Sources */ = {isa = PBXBuildFile; fileRef = C7AE5DF425FD1CC400C4C4D7 /* FilterWorker.swift */; };
		C7AE5DFB25FD1CC400C4C4D7 /* FilterRouter.swift in Sources */ = {isa = PBXBuildFile; fileRef = C7AE5DF525FD1CC400C4C4D7 /* FilterRouter.swift */; };
		C7AE5DFC25FD1CC400C4C4D7 /* FilterModels.swift in Sources */ = {isa = PBXBuildFile; fileRef = C7AE5DF625FD1CC400C4C4D7 /* FilterModels.swift */; };
		C7AE5DFD25FD1CC500C4C4D7 /* FilterViewController.swift in Sources */ = {isa = PBXBuildFile; fileRef = C7AE5DF725FD1CC400C4C4D7 /* FilterViewController.swift */; };
		C7AE5DFE25FD1CC500C4C4D7 /* FilterInteractor.swift in Sources */ = {isa = PBXBuildFile; fileRef = C7AE5DF825FD1CC400C4C4D7 /* FilterInteractor.swift */; };
		C7AE5E0025FD210400C4C4D7 /* FilterView.swift in Sources */ = {isa = PBXBuildFile; fileRef = C7AE5DFF25FD210400C4C4D7 /* FilterView.swift */; };
		C7AE5E0225FD349800C4C4D7 /* ViewExtensions.swift in Sources */ = {isa = PBXBuildFile; fileRef = C7AE5E0125FD349800C4C4D7 /* ViewExtensions.swift */; };
		C7AE5E0425FD3FF000C4C4D7 /* FilterCellView.swift in Sources */ = {isa = PBXBuildFile; fileRef = C7AE5E0325FD3FF000C4C4D7 /* FilterCellView.swift */; };
		C7AE5E0625FD441B00C4C4D7 /* CollectionViewCellExtensions.swift in Sources */ = {isa = PBXBuildFile; fileRef = C7AE5E0525FD441B00C4C4D7 /* CollectionViewCellExtensions.swift */; };
		C7B9A1F825F528B400725F3F /* ListEntryCellViewModel.swift in Sources */ = {isa = PBXBuildFile; fileRef = C7B9A1F725F528B400725F3F /* ListEntryCellViewModel.swift */; };
		C7B9A1FB25F54F1900725F3F /* PasswordManager.swift in Sources */ = {isa = PBXBuildFile; fileRef = C7B9A1FA25F54F1900725F3F /* PasswordManager.swift */; };
		C7CA213325E3BF0800EB8ACE /* Localizable.strings in Resources */ = {isa = PBXBuildFile; fileRef = C7CA213525E3BF0800EB8ACE /* Localizable.strings */; };
		C7CA213C25E3D6DC00EB8ACE /* UITextViewPlaceholderProtocol.swift in Sources */ = {isa = PBXBuildFile; fileRef = C7CA213B25E3D6DC00EB8ACE /* UITextViewPlaceholderProtocol.swift */; };
		C7CA214125E4146300EB8ACE /* Storyboarded.swift in Sources */ = {isa = PBXBuildFile; fileRef = C7CA214025E4146300EB8ACE /* Storyboarded.swift */; };
		C7D03C8B25DE8491008303C6 /* ListEntryView.swift in Sources */ = {isa = PBXBuildFile; fileRef = C7D03C8A25DE8491008303C6 /* ListEntryView.swift */; };
		C7D03C9425DE8787008303C6 /* CoreDataStack.swift in Sources */ = {isa = PBXBuildFile; fileRef = C7D03C9325DE8787008303C6 /* CoreDataStack.swift */; };
		C7D03C9725DE89CC008303C6 /* CoreDataRepositoryService.swift in Sources */ = {isa = PBXBuildFile; fileRef = C7D03C9625DE89CC008303C6 /* CoreDataRepositoryService.swift */; };
		C7D03CA225DEBB85008303C6 /* ListEntryViewCell.swift in Sources */ = {isa = PBXBuildFile; fileRef = C7D03CA125DEBB85008303C6 /* ListEntryViewCell.swift */; };
		C7D03CA725DEBC93008303C6 /* DGPLibrary in Frameworks */ = {isa = PBXBuildFile; productRef = C7D03CA625DEBC93008303C6 /* DGPLibrary */; };
		C7D03CA825DEBC93008303C6 /* DGPLibrary in Embed Frameworks */ = {isa = PBXBuildFile; productRef = C7D03CA625DEBC93008303C6 /* DGPLibrary */; settings = {ATTRIBUTES = (CodeSignOnCopy, ); }; };
		C7D03CAC25DEBDCA008303C6 /* DGPExtensionCore in Frameworks */ = {isa = PBXBuildFile; productRef = C7D03CAB25DEBDCA008303C6 /* DGPExtensionCore */; };
		C7D03CAD25DEBDCB008303C6 /* DGPExtensionCore in Embed Frameworks */ = {isa = PBXBuildFile; productRef = C7D03CAB25DEBDCA008303C6 /* DGPExtensionCore */; settings = {ATTRIBUTES = (CodeSignOnCopy, ); }; };
		C7D9AE932663AD22005009A6 /* FilterViewControllerTests.swift in Sources */ = {isa = PBXBuildFile; fileRef = C7D9AE8F2663AD22005009A6 /* FilterViewControllerTests.swift */; };
		C7D9AE9E2663C0C5005009A6 /* TableViewHelpers.swift in Sources */ = {isa = PBXBuildFile; fileRef = C7D9AE9D2663C0C5005009A6 /* TableViewHelpers.swift */; };
		C7D9AEA22663D797005009A6 /* OrderFilterViewCell.swift in Sources */ = {isa = PBXBuildFile; fileRef = C7D9AEA12663D796005009A6 /* OrderFilterViewCell.swift */; };
		C7EB5CEF25DE72A800FB1AE8 /* AppDelegate.swift in Sources */ = {isa = PBXBuildFile; fileRef = C7EB5CEE25DE72A800FB1AE8 /* AppDelegate.swift */; };
		C7EB5CF125DE72A800FB1AE8 /* SceneDelegate.swift in Sources */ = {isa = PBXBuildFile; fileRef = C7EB5CF025DE72A800FB1AE8 /* SceneDelegate.swift */; };
		C7EB5CF625DE72A800FB1AE8 /* Main.storyboard in Resources */ = {isa = PBXBuildFile; fileRef = C7EB5CF425DE72A800FB1AE8 /* Main.storyboard */; };
		C7EB5CF825DE72AA00FB1AE8 /* Assets.xcassets in Resources */ = {isa = PBXBuildFile; fileRef = C7EB5CF725DE72AA00FB1AE8 /* Assets.xcassets */; };
		C7EB5CFB25DE72AA00FB1AE8 /* LaunchScreen.storyboard in Resources */ = {isa = PBXBuildFile; fileRef = C7EB5CF925DE72AA00FB1AE8 /* LaunchScreen.storyboard */; };
		C7EB5D0625DE76FA00FB1AE8 /* DGPPrivateModel.xcdatamodeld in Sources */ = {isa = PBXBuildFile; fileRef = C7EB5D0425DE76FA00FB1AE8 /* DGPPrivateModel.xcdatamodeld */; };
		C7EB5D2525DE7E7200FB1AE8 /* CoreData.framework in Frameworks */ = {isa = PBXBuildFile; fileRef = C7EB5D0925DE793B00FB1AE8 /* CoreData.framework */; };
		C7F55A3D26655E0500662D27 /* UIImage.swift in Sources */ = {isa = PBXBuildFile; fileRef = C7F55A3C26655E0500662D27 /* UIImage.swift */; };
		C7FD51332655889900FED18E /* Constants.swift in Sources */ = {isa = PBXBuildFile; fileRef = C7FD51322655889900FED18E /* Constants.swift */; };
/* End PBXBuildFile section */

/* Begin PBXContainerItemProxy section */
		C794C9AA2659724500E6AC1F /* PBXContainerItemProxy */ = {
			isa = PBXContainerItemProxy;
			containerPortal = C7EB5CE325DE72A800FB1AE8 /* Project object */;
			proxyType = 1;
			remoteGlobalIDString = C7EB5CEA25DE72A800FB1AE8;
			remoteInfo = DGPPrivateData;
		};
/* End PBXContainerItemProxy section */

/* Begin PBXCopyFilesBuildPhase section */
		C7D03CA925DEBC93008303C6 /* Embed Frameworks */ = {
			isa = PBXCopyFilesBuildPhase;
			buildActionMask = 2147483647;
			dstPath = "";
			dstSubfolderSpec = 10;
			files = (
				C7D03CA825DEBC93008303C6 /* DGPLibrary in Embed Frameworks */,
				C7D03CAD25DEBDCB008303C6 /* DGPExtensionCore in Embed Frameworks */,
			);
			name = "Embed Frameworks";
			runOnlyForDeploymentPostprocessing = 0;
		};
/* End PBXCopyFilesBuildPhase section */

/* Begin PBXFileReference section */
		4BA934F49CC201650C496CBB /* Pods-DGPPrivateData.debug.xcconfig */ = {isa = PBXFileReference; includeInIndex = 1; lastKnownFileType = text.xcconfig; name = "Pods-DGPPrivateData.debug.xcconfig"; path = "Target Support Files/Pods-DGPPrivateData/Pods-DGPPrivateData.debug.xcconfig"; sourceTree = "<group>"; };
		841B5D729FAF67188FD843C3 /* Pods_DGPPrivateData.framework */ = {isa = PBXFileReference; explicitFileType = wrapper.framework; includeInIndex = 0; path = Pods_DGPPrivateData.framework; sourceTree = BUILT_PRODUCTS_DIR; };
		B3126E80869860E5357A6475 /* Pods-DGPPrivateData.release.xcconfig */ = {isa = PBXFileReference; includeInIndex = 1; lastKnownFileType = text.xcconfig; name = "Pods-DGPPrivateData.release.xcconfig"; path = "Target Support Files/Pods-DGPPrivateData/Pods-DGPPrivateData.release.xcconfig"; sourceTree = "<group>"; };
		C709A02B25E51633006DCAAE /* DGPPickerView.swift */ = {isa = PBXFileReference; lastKnownFileType = sourcecode.swift; path = DGPPickerView.swift; sourceTree = "<group>"; };
		C710204F25F12B320085535B /* ListEntryPresenter.swift */ = {isa = PBXFileReference; lastKnownFileType = sourcecode.swift; path = ListEntryPresenter.swift; sourceTree = "<group>"; };
		C710205025F12B320085535B /* ListEntryWorker.swift */ = {isa = PBXFileReference; lastKnownFileType = sourcecode.swift; path = ListEntryWorker.swift; sourceTree = "<group>"; };
		C710205125F12B320085535B /* ListEntryRouter.swift */ = {isa = PBXFileReference; lastKnownFileType = sourcecode.swift; path = ListEntryRouter.swift; sourceTree = "<group>"; };
		C710205225F12B320085535B /* ListEntryModels.swift */ = {isa = PBXFileReference; lastKnownFileType = sourcecode.swift; path = ListEntryModels.swift; sourceTree = "<group>"; };
		C710205325F12B320085535B /* ListEntryViewController.swift */ = {isa = PBXFileReference; lastKnownFileType = sourcecode.swift; path = ListEntryViewController.swift; sourceTree = "<group>"; };
		C710205425F12B320085535B /* ListEntryInteractor.swift */ = {isa = PBXFileReference; lastKnownFileType = sourcecode.swift; path = ListEntryInteractor.swift; sourceTree = "<group>"; };
		C710205F25F13CD60085535B /* AddEditEntryPresenter.swift */ = {isa = PBXFileReference; lastKnownFileType = sourcecode.swift; path = AddEditEntryPresenter.swift; sourceTree = "<group>"; };
		C710206025F13CD60085535B /* AddEditEntryWorker.swift */ = {isa = PBXFileReference; lastKnownFileType = sourcecode.swift; path = AddEditEntryWorker.swift; sourceTree = "<group>"; };
		C710206125F13CD60085535B /* AddEditEntryRouter.swift */ = {isa = PBXFileReference; lastKnownFileType = sourcecode.swift; path = AddEditEntryRouter.swift; sourceTree = "<group>"; };
		C710206225F13CD60085535B /* AddEditEntryModels.swift */ = {isa = PBXFileReference; lastKnownFileType = sourcecode.swift; path = AddEditEntryModels.swift; sourceTree = "<group>"; };
		C710206325F13CD60085535B /* AddEditEntryViewController.swift */ = {isa = PBXFileReference; lastKnownFileType = sourcecode.swift; path = AddEditEntryViewController.swift; sourceTree = "<group>"; };
		C710206425F13CD60085535B /* AddEditEntryInteractor.swift */ = {isa = PBXFileReference; lastKnownFileType = sourcecode.swift; path = AddEditEntryInteractor.swift; sourceTree = "<group>"; };
		C71BF2FA25F61E4C002239BE /* PasswordGeneratorPresenter.swift */ = {isa = PBXFileReference; lastKnownFileType = sourcecode.swift; path = PasswordGeneratorPresenter.swift; sourceTree = "<group>"; };
		C71BF2FB25F61E4C002239BE /* PasswordGeneratorWorker.swift */ = {isa = PBXFileReference; lastKnownFileType = sourcecode.swift; path = PasswordGeneratorWorker.swift; sourceTree = "<group>"; };
		C71BF2FC25F61E4C002239BE /* PasswordGeneratorRouter.swift */ = {isa = PBXFileReference; lastKnownFileType = sourcecode.swift; path = PasswordGeneratorRouter.swift; sourceTree = "<group>"; };
		C71BF2FD25F61E4C002239BE /* PasswordGeneratorModels.swift */ = {isa = PBXFileReference; lastKnownFileType = sourcecode.swift; path = PasswordGeneratorModels.swift; sourceTree = "<group>"; };
		C71BF2FE25F61E4C002239BE /* PasswordGeneratorViewController.swift */ = {isa = PBXFileReference; lastKnownFileType = sourcecode.swift; path = PasswordGeneratorViewController.swift; sourceTree = "<group>"; };
		C71BF2FF25F61E4C002239BE /* PasswordGeneratorInteractor.swift */ = {isa = PBXFileReference; lastKnownFileType = sourcecode.swift; path = PasswordGeneratorInteractor.swift; sourceTree = "<group>"; };
		C71BF30625F61F5C002239BE /* PasswordGeneratorView.swift */ = {isa = PBXFileReference; lastKnownFileType = sourcecode.swift; path = PasswordGeneratorView.swift; sourceTree = "<group>"; };
		C71BF30A25F6322B002239BE /* DefaultStyleElement.swift */ = {isa = PBXFileReference; lastKnownFileType = sourcecode.swift; path = DefaultStyleElement.swift; sourceTree = "<group>"; };
		C71BF30C25F63945002239BE /* ConfigSliderViewCell.swift */ = {isa = PBXFileReference; lastKnownFileType = sourcecode.swift; path = ConfigSliderViewCell.swift; sourceTree = "<group>"; };
		C71BF30E25F639A1002239BE /* ConfigStepperViewCell.swift */ = {isa = PBXFileReference; lastKnownFileType = sourcecode.swift; path = ConfigStepperViewCell.swift; sourceTree = "<group>"; };
		C72D8AF725DFEB1C0069C72E /* AddEditEntryView.swift */ = {isa = PBXFileReference; lastKnownFileType = sourcecode.swift; path = AddEditEntryView.swift; sourceTree = "<group>"; };
		C72D8AF925E01E3E0069C72E /* FieldEntryView.swift */ = {isa = PBXFileReference; lastKnownFileType = sourcecode.swift; path = FieldEntryView.swift; sourceTree = "<group>"; };
		C72D8AFC25E024FB0069C72E /* Colors.swift */ = {isa = PBXFileReference; lastKnownFileType = sourcecode.swift; path = Colors.swift; sourceTree = "<group>"; };
		C7331AAF25F234FF00CDE439 /* ErrorViewModel.swift */ = {isa = PBXFileReference; lastKnownFileType = sourcecode.swift; path = ErrorViewModel.swift; sourceTree = "<group>"; };
		C7331ABA25F291D000CDE439 /* AuthenticationPresenter.swift */ = {isa = PBXFileReference; lastKnownFileType = sourcecode.swift; path = AuthenticationPresenter.swift; sourceTree = "<group>"; };
		C7331ABB25F291D000CDE439 /* AuthenticationWorker.swift */ = {isa = PBXFileReference; lastKnownFileType = sourcecode.swift; path = AuthenticationWorker.swift; sourceTree = "<group>"; };
		C7331ABC25F291D000CDE439 /* AuthenticationRouter.swift */ = {isa = PBXFileReference; lastKnownFileType = sourcecode.swift; path = AuthenticationRouter.swift; sourceTree = "<group>"; };
		C7331ABD25F291D000CDE439 /* AuthenticationModels.swift */ = {isa = PBXFileReference; lastKnownFileType = sourcecode.swift; path = AuthenticationModels.swift; sourceTree = "<group>"; };
		C7331ABE25F291D000CDE439 /* AuthenticationViewController.swift */ = {isa = PBXFileReference; lastKnownFileType = sourcecode.swift; path = AuthenticationViewController.swift; sourceTree = "<group>"; };
		C7331ABF25F291D000CDE439 /* AuthenticationInteractor.swift */ = {isa = PBXFileReference; lastKnownFileType = sourcecode.swift; path = AuthenticationInteractor.swift; sourceTree = "<group>"; };
		C7331AC625F2933800CDE439 /* AuthenticationView.swift */ = {isa = PBXFileReference; lastKnownFileType = sourcecode.swift; path = AuthenticationView.swift; sourceTree = "<group>"; };
		C738A52D265AB0A000B63AF8 /* Entry.swift */ = {isa = PBXFileReference; lastKnownFileType = sourcecode.swift; path = Entry.swift; sourceTree = "<group>"; };
		C738A53C265AC58B00B63AF8 /* EntryRepository.swift */ = {isa = PBXFileReference; lastKnownFileType = sourcecode.swift; path = EntryRepository.swift; sourceTree = "<group>"; };
		C738A53F265AC92600B63AF8 /* UnitOfWork.swift */ = {isa = PBXFileReference; lastKnownFileType = sourcecode.swift; path = UnitOfWork.swift; sourceTree = "<group>"; };
		C74861162667F1BB002E9846 /* ListEntryWorkerTest.swift */ = {isa = PBXFileReference; lastKnownFileType = sourcecode.swift; path = ListEntryWorkerTest.swift; sourceTree = "<group>"; };
		C7501901264EDA98003E34D8 /* UserDefaultPreferencesService.swift */ = {isa = PBXFileReference; lastKnownFileType = sourcecode.swift; path = UserDefaultPreferencesService.swift; sourceTree = "<group>"; };
		C759827A266CEB75002520E4 /* XCTestCaseExtension.swift */ = {isa = PBXFileReference; lastKnownFileType = sourcecode.swift; path = XCTestCaseExtension.swift; sourceTree = "<group>"; };
		C75B17F12663F5AA0030DD51 /* FilterOptionViewModel.swift */ = {isa = PBXFileReference; lastKnownFileType = sourcecode.swift; path = FilterOptionViewModel.swift; sourceTree = "<group>"; };
		C75B17F52663F6150030DD51 /* Filter.swift */ = {isa = PBXFileReference; lastKnownFileType = sourcecode.swift; path = Filter.swift; sourceTree = "<group>"; };
		C763B585266BC08E002C8FB4 /* CoreDataRepositoryServiceTest.swift */ = {isa = PBXFileReference; lastKnownFileType = sourcecode.swift; path = CoreDataRepositoryServiceTest.swift; sourceTree = "<group>"; };
		C77A398E264EDF3A00ACB630 /* SequenceExtension.swift */ = {isa = PBXFileReference; lastKnownFileType = sourcecode.swift; path = SequenceExtension.swift; sourceTree = "<group>"; };
		C77BB3B726583158009C591C /* PasswordGeneratorComposer.swift */ = {isa = PBXFileReference; lastKnownFileType = sourcecode.swift; path = PasswordGeneratorComposer.swift; sourceTree = "<group>"; };
		C782163E265166FF00323093 /* NeumorphismButton.swift */ = {isa = PBXFileReference; lastKnownFileType = sourcecode.swift; path = NeumorphismButton.swift; sourceTree = "<group>"; };
		C78216402651671F00323093 /* NeumorphismExtensions.swift */ = {isa = PBXFileReference; lastKnownFileType = sourcecode.swift; path = NeumorphismExtensions.swift; sourceTree = "<group>"; };
		C78216422651698000323093 /* Media.xcassets */ = {isa = PBXFileReference; lastKnownFileType = folder.assetcatalog; path = Media.xcassets; sourceTree = "<group>"; };
		C78216442651741C00323093 /* ColorsExtension.swift */ = {isa = PBXFileReference; lastKnownFileType = sourcecode.swift; path = ColorsExtension.swift; sourceTree = "<group>"; };
		C78DFF912660109600DD8298 /* UITextfieldTextview.swift */ = {isa = PBXFileReference; lastKnownFileType = sourcecode.swift; path = UITextfieldTextview.swift; sourceTree = "<group>"; };
		C794C9A52659724500E6AC1F /* DGPPrivateDataTests.xctest */ = {isa = PBXFileReference; explicitFileType = wrapper.cfbundle; includeInIndex = 0; path = DGPPrivateDataTests.xctest; sourceTree = BUILT_PRODUCTS_DIR; };
		C794C9A92659724500E6AC1F /* Info.plist */ = {isa = PBXFileReference; lastKnownFileType = text.plist.xml; path = Info.plist; sourceTree = "<group>"; };
		C794C9B12659727800E6AC1F /* PasswordManagerTest.swift */ = {isa = PBXFileReference; lastKnownFileType = sourcecode.swift; path = PasswordManagerTest.swift; sourceTree = "<group>"; };
		C794C9B526599AFC00E6AC1F /* Repository.swift */ = {isa = PBXFileReference; lastKnownFileType = sourcecode.swift; path = Repository.swift; sourceTree = "<group>"; };
		C794C9B826599D2800E6AC1F /* CoreDataRepository.swift */ = {isa = PBXFileReference; lastKnownFileType = sourcecode.swift; path = CoreDataRepository.swift; sourceTree = "<group>"; };
		C794C9BB2659A4F700E6AC1F /* CategoryRepository.swift */ = {isa = PBXFileReference; lastKnownFileType = sourcecode.swift; path = CategoryRepository.swift; sourceTree = "<group>"; };
		C794C9C02659A77B00E6AC1F /* CategoryMO+CoreDataClass.swift */ = {isa = PBXFileReference; lastKnownFileType = sourcecode.swift; path = "CategoryMO+CoreDataClass.swift"; sourceTree = "<group>"; };
		C794C9C12659A77B00E6AC1F /* CategoryMO+CoreDataProperties.swift */ = {isa = PBXFileReference; lastKnownFileType = sourcecode.swift; path = "CategoryMO+CoreDataProperties.swift"; sourceTree = "<group>"; };
		C794C9C22659A77B00E6AC1F /* MasterUserMO+CoreDataClass.swift */ = {isa = PBXFileReference; lastKnownFileType = sourcecode.swift; path = "MasterUserMO+CoreDataClass.swift"; sourceTree = "<group>"; };
		C794C9C32659A77B00E6AC1F /* MasterUserMO+CoreDataProperties.swift */ = {isa = PBXFileReference; lastKnownFileType = sourcecode.swift; path = "MasterUserMO+CoreDataProperties.swift"; sourceTree = "<group>"; };
		C794C9C42659A77B00E6AC1F /* EntryMO+CoreDataClass.swift */ = {isa = PBXFileReference; lastKnownFileType = sourcecode.swift; path = "EntryMO+CoreDataClass.swift"; sourceTree = "<group>"; };
		C794C9C52659A77B00E6AC1F /* EntryMO+CoreDataProperties.swift */ = {isa = PBXFileReference; lastKnownFileType = sourcecode.swift; path = "EntryMO+CoreDataProperties.swift"; sourceTree = "<group>"; };
		C794C9CE2659A92100E6AC1F /* Category.swift */ = {isa = PBXFileReference; lastKnownFileType = sourcecode.swift; path = Category.swift; sourceTree = "<group>"; };
		C794C9D12659AA1100E6AC1F /* DomainModel.swift */ = {isa = PBXFileReference; lastKnownFileType = sourcecode.swift; path = DomainModel.swift; sourceTree = "<group>"; };
		C7AE5DF325FD1CC400C4C4D7 /* FilterPresenter.swift */ = {isa = PBXFileReference; lastKnownFileType = sourcecode.swift; path = FilterPresenter.swift; sourceTree = "<group>"; };
		C7AE5DF425FD1CC400C4C4D7 /* FilterWorker.swift */ = {isa = PBXFileReference; lastKnownFileType = sourcecode.swift; path = FilterWorker.swift; sourceTree = "<group>"; };
		C7AE5DF525FD1CC400C4C4D7 /* FilterRouter.swift */ = {isa = PBXFileReference; lastKnownFileType = sourcecode.swift; path = FilterRouter.swift; sourceTree = "<group>"; };
		C7AE5DF625FD1CC400C4C4D7 /* FilterModels.swift */ = {isa = PBXFileReference; lastKnownFileType = sourcecode.swift; path = FilterModels.swift; sourceTree = "<group>"; };
		C7AE5DF725FD1CC400C4C4D7 /* FilterViewController.swift */ = {isa = PBXFileReference; lastKnownFileType = sourcecode.swift; path = FilterViewController.swift; sourceTree = "<group>"; };
		C7AE5DF825FD1CC400C4C4D7 /* FilterInteractor.swift */ = {isa = PBXFileReference; lastKnownFileType = sourcecode.swift; path = FilterInteractor.swift; sourceTree = "<group>"; };
		C7AE5DFF25FD210400C4C4D7 /* FilterView.swift */ = {isa = PBXFileReference; lastKnownFileType = sourcecode.swift; path = FilterView.swift; sourceTree = "<group>"; };
		C7AE5E0125FD349800C4C4D7 /* ViewExtensions.swift */ = {isa = PBXFileReference; lastKnownFileType = sourcecode.swift; path = ViewExtensions.swift; sourceTree = "<group>"; };
		C7AE5E0325FD3FF000C4C4D7 /* FilterCellView.swift */ = {isa = PBXFileReference; lastKnownFileType = sourcecode.swift; path = FilterCellView.swift; sourceTree = "<group>"; };
		C7AE5E0525FD441B00C4C4D7 /* CollectionViewCellExtensions.swift */ = {isa = PBXFileReference; lastKnownFileType = sourcecode.swift; path = CollectionViewCellExtensions.swift; sourceTree = "<group>"; };
		C7B9A1F725F528B400725F3F /* ListEntryCellViewModel.swift */ = {isa = PBXFileReference; lastKnownFileType = sourcecode.swift; path = ListEntryCellViewModel.swift; sourceTree = "<group>"; };
		C7B9A1FA25F54F1900725F3F /* PasswordManager.swift */ = {isa = PBXFileReference; lastKnownFileType = sourcecode.swift; path = PasswordManager.swift; sourceTree = "<group>"; };
		C7CA213425E3BF0800EB8ACE /* en */ = {isa = PBXFileReference; lastKnownFileType = text.plist.strings; name = en; path = en.lproj/Localizable.strings; sourceTree = "<group>"; };
		C7CA213625E3BF4600EB8ACE /* es */ = {isa = PBXFileReference; lastKnownFileType = text.plist.strings; name = es; path = es.lproj/Localizable.strings; sourceTree = "<group>"; };
		C7CA213B25E3D6DC00EB8ACE /* UITextViewPlaceholderProtocol.swift */ = {isa = PBXFileReference; lastKnownFileType = sourcecode.swift; path = UITextViewPlaceholderProtocol.swift; sourceTree = "<group>"; };
		C7CA214025E4146300EB8ACE /* Storyboarded.swift */ = {isa = PBXFileReference; lastKnownFileType = sourcecode.swift; path = Storyboarded.swift; sourceTree = "<group>"; };
		C7D03C8A25DE8491008303C6 /* ListEntryView.swift */ = {isa = PBXFileReference; lastKnownFileType = sourcecode.swift; path = ListEntryView.swift; sourceTree = "<group>"; };
		C7D03C9325DE8787008303C6 /* CoreDataStack.swift */ = {isa = PBXFileReference; lastKnownFileType = sourcecode.swift; path = CoreDataStack.swift; sourceTree = "<group>"; };
		C7D03C9625DE89CC008303C6 /* CoreDataRepositoryService.swift */ = {isa = PBXFileReference; lastKnownFileType = sourcecode.swift; path = CoreDataRepositoryService.swift; sourceTree = "<group>"; };
		C7D03CA125DEBB85008303C6 /* ListEntryViewCell.swift */ = {isa = PBXFileReference; lastKnownFileType = sourcecode.swift; path = ListEntryViewCell.swift; sourceTree = "<group>"; };
		C7D9AE8F2663AD22005009A6 /* FilterViewControllerTests.swift */ = {isa = PBXFileReference; lastKnownFileType = sourcecode.swift; path = FilterViewControllerTests.swift; sourceTree = "<group>"; };
		C7D9AE9D2663C0C5005009A6 /* TableViewHelpers.swift */ = {isa = PBXFileReference; lastKnownFileType = sourcecode.swift; path = TableViewHelpers.swift; sourceTree = "<group>"; };
		C7D9AEA12663D796005009A6 /* OrderFilterViewCell.swift */ = {isa = PBXFileReference; lastKnownFileType = sourcecode.swift; path = OrderFilterViewCell.swift; sourceTree = "<group>"; };
		C7EB5CEB25DE72A800FB1AE8 /* DGPPrivateData.app */ = {isa = PBXFileReference; explicitFileType = wrapper.application; includeInIndex = 0; path = DGPPrivateData.app; sourceTree = BUILT_PRODUCTS_DIR; };
		C7EB5CEE25DE72A800FB1AE8 /* AppDelegate.swift */ = {isa = PBXFileReference; lastKnownFileType = sourcecode.swift; path = AppDelegate.swift; sourceTree = "<group>"; };
		C7EB5CF025DE72A800FB1AE8 /* SceneDelegate.swift */ = {isa = PBXFileReference; lastKnownFileType = sourcecode.swift; path = SceneDelegate.swift; sourceTree = "<group>"; };
		C7EB5CF525DE72A800FB1AE8 /* Base */ = {isa = PBXFileReference; lastKnownFileType = file.storyboard; name = Base; path = Base.lproj/Main.storyboard; sourceTree = "<group>"; };
		C7EB5CF725DE72AA00FB1AE8 /* Assets.xcassets */ = {isa = PBXFileReference; lastKnownFileType = folder.assetcatalog; path = Assets.xcassets; sourceTree = "<group>"; };
		C7EB5CFA25DE72AA00FB1AE8 /* Base */ = {isa = PBXFileReference; lastKnownFileType = file.storyboard; name = Base; path = Base.lproj/LaunchScreen.storyboard; sourceTree = "<group>"; };
		C7EB5CFC25DE72AA00FB1AE8 /* Info.plist */ = {isa = PBXFileReference; lastKnownFileType = text.plist.xml; path = Info.plist; sourceTree = "<group>"; };
		C7EB5D0525DE76FA00FB1AE8 /* DGPPrivateModel.xcdatamodel */ = {isa = PBXFileReference; lastKnownFileType = wrapper.xcdatamodel; path = DGPPrivateModel.xcdatamodel; sourceTree = "<group>"; };
		C7EB5D0925DE793B00FB1AE8 /* CoreData.framework */ = {isa = PBXFileReference; lastKnownFileType = wrapper.framework; name = CoreData.framework; path = System/Library/Frameworks/CoreData.framework; sourceTree = SDKROOT; };
		C7F55A3C26655E0500662D27 /* UIImage.swift */ = {isa = PBXFileReference; lastKnownFileType = sourcecode.swift; path = UIImage.swift; sourceTree = "<group>"; };
		C7FD51322655889900FED18E /* Constants.swift */ = {isa = PBXFileReference; lastKnownFileType = sourcecode.swift; path = Constants.swift; sourceTree = "<group>"; };
/* End PBXFileReference section */

/* Begin PBXFrameworksBuildPhase section */
		C794C9A22659724500E6AC1F /* Frameworks */ = {
			isa = PBXFrameworksBuildPhase;
			buildActionMask = 2147483647;
			files = (
			);
			runOnlyForDeploymentPostprocessing = 0;
		};
		C7EB5CE825DE72A800FB1AE8 /* Frameworks */ = {
			isa = PBXFrameworksBuildPhase;
			buildActionMask = 2147483647;
			files = (
				C7D03CAC25DEBDCA008303C6 /* DGPExtensionCore in Frameworks */,
				C7D03CA725DEBC93008303C6 /* DGPLibrary in Frameworks */,
				C7EB5D2525DE7E7200FB1AE8 /* CoreData.framework in Frameworks */,
				5AAA048297CAE13FA3C66BBC /* Pods_DGPPrivateData.framework in Frameworks */,
			);
			runOnlyForDeploymentPostprocessing = 0;
		};
/* End PBXFrameworksBuildPhase section */

/* Begin PBXGroup section */
		C70B6FBD26512FBF0087E326 /* UI */ = {
			isa = PBXGroup;
			children = (
				C71BF30625F61F5C002239BE /* PasswordGeneratorView.swift */,
			);
			path = UI;
			sourceTree = "<group>";
		};
		C710204D25F12AEF0085535B /* Scenes */ = {
			isa = PBXGroup;
			children = (
				C7AE5DF225FD1CA300C4C4D7 /* Filter */,
				C71BF2F925F61E24002239BE /* Password */,
				C7331AB925F2919800CDE439 /* Authentication */,
				C710205E25F13CB60085535B /* AddEditEntry */,
				C710204E25F12AF60085535B /* ListEntrys */,
				C7331AAE25F234F200CDE439 /* shared */,
			);
			path = Scenes;
			sourceTree = "<group>";
		};
		C710204E25F12AF60085535B /* ListEntrys */ = {
			isa = PBXGroup;
			children = (
				C7F8E28C26503E040033E351 /* UI */,
				C710204F25F12B320085535B /* ListEntryPresenter.swift */,
				C710205025F12B320085535B /* ListEntryWorker.swift */,
				C710205125F12B320085535B /* ListEntryRouter.swift */,
				C710205225F12B320085535B /* ListEntryModels.swift */,
				C710205325F12B320085535B /* ListEntryViewController.swift */,
				C710205425F12B320085535B /* ListEntryInteractor.swift */,
			);
			path = ListEntrys;
			sourceTree = "<group>";
		};
		C710205E25F13CB60085535B /* AddEditEntry */ = {
			isa = PBXGroup;
			children = (
				C710205F25F13CD60085535B /* AddEditEntryPresenter.swift */,
				C710206025F13CD60085535B /* AddEditEntryWorker.swift */,
				C710206125F13CD60085535B /* AddEditEntryRouter.swift */,
				C710206225F13CD60085535B /* AddEditEntryModels.swift */,
				C710206325F13CD60085535B /* AddEditEntryViewController.swift */,
				C710206425F13CD60085535B /* AddEditEntryInteractor.swift */,
			);
			path = AddEditEntry;
			sourceTree = "<group>";
		};
		C71BF2F925F61E24002239BE /* Password */ = {
			isa = PBXGroup;
			children = (
				C70B6FBD26512FBF0087E326 /* UI */,
				C71BF2FA25F61E4C002239BE /* PasswordGeneratorPresenter.swift */,
				C71BF2FB25F61E4C002239BE /* PasswordGeneratorWorker.swift */,
				C71BF2FC25F61E4C002239BE /* PasswordGeneratorRouter.swift */,
				C71BF2FD25F61E4C002239BE /* PasswordGeneratorModels.swift */,
				C71BF2FE25F61E4C002239BE /* PasswordGeneratorViewController.swift */,
				C71BF2FF25F61E4C002239BE /* PasswordGeneratorInteractor.swift */,
				C77BB3B726583158009C591C /* PasswordGeneratorComposer.swift */,
			);
			path = Password;
			sourceTree = "<group>";
		};
		C72056F1266399A300AFDA18 /* UI */ = {
			isa = PBXGroup;
			children = (
				C7AE5DFF25FD210400C4C4D7 /* FilterView.swift */,
				C7AE5E0325FD3FF000C4C4D7 /* FilterCellView.swift */,
				C7D9AEA12663D796005009A6 /* OrderFilterViewCell.swift */,
			);
			path = UI;
			sourceTree = "<group>";
		};
		C72D8AFB25E024E10069C72E /* ExtensionsAndUtils */ = {
			isa = PBXGroup;
			children = (
				C7CA214025E4146300EB8ACE /* Storyboarded.swift */,
				C72D8AFC25E024FB0069C72E /* Colors.swift */,
				C71BF30A25F6322B002239BE /* DefaultStyleElement.swift */,
				C7AE5E0125FD349800C4C4D7 /* ViewExtensions.swift */,
				C7AE5E0525FD441B00C4C4D7 /* CollectionViewCellExtensions.swift */,
				C77A398E264EDF3A00ACB630 /* SequenceExtension.swift */,
				C7FD51322655889900FED18E /* Constants.swift */,
				C78DFF912660109600DD8298 /* UITextfieldTextview.swift */,
				C7F55A3C26655E0500662D27 /* UIImage.swift */,
			);
			path = ExtensionsAndUtils;
			sourceTree = "<group>";
		};
		C7331AAE25F234F200CDE439 /* shared */ = {
			isa = PBXGroup;
			children = (
				C7331AAF25F234FF00CDE439 /* ErrorViewModel.swift */,
				C7B9A1F725F528B400725F3F /* ListEntryCellViewModel.swift */,
			);
			path = shared;
			sourceTree = "<group>";
		};
		C7331AB925F2919800CDE439 /* Authentication */ = {
			isa = PBXGroup;
			children = (
				C7331ABA25F291D000CDE439 /* AuthenticationPresenter.swift */,
				C7331ABB25F291D000CDE439 /* AuthenticationWorker.swift */,
				C7331ABC25F291D000CDE439 /* AuthenticationRouter.swift */,
				C7331ABD25F291D000CDE439 /* AuthenticationModels.swift */,
				C7331ABE25F291D000CDE439 /* AuthenticationViewController.swift */,
				C7331ABF25F291D000CDE439 /* AuthenticationInteractor.swift */,
			);
			path = Authentication;
			sourceTree = "<group>";
		};
		C738A530265AB0A900B63AF8 /* Entry */ = {
			isa = PBXGroup;
			children = (
				C738A52D265AB0A000B63AF8 /* Entry.swift */,
				C738A53C265AC58B00B63AF8 /* EntryRepository.swift */,
			);
			path = Entry;
			sourceTree = "<group>";
		};
		C74861152667F18B002E9846 /* ListEntrys */ = {
			isa = PBXGroup;
			children = (
				C74861162667F1BB002E9846 /* ListEntryWorkerTest.swift */,
			);
			path = ListEntrys;
			sourceTree = "<group>";
		};
		C75B17F02663F58B0030DD51 /* ViewModels */ = {
			isa = PBXGroup;
			children = (
				C75B17F12663F5AA0030DD51 /* FilterOptionViewModel.swift */,
			);
			path = ViewModels;
			sourceTree = "<group>";
		};
		C75B17F42663F5F50030DD51 /* SharedModels */ = {
			isa = PBXGroup;
			children = (
				C75B17F52663F6150030DD51 /* Filter.swift */,
			);
			path = SharedModels;
			sourceTree = "<group>";
		};
		C763B583266BC02C002C8FB4 /* Managers */ = {
			isa = PBXGroup;
			children = (
				C794C9B12659727800E6AC1F /* PasswordManagerTest.swift */,
			);
			path = Managers;
			sourceTree = "<group>";
		};
		C763B584266BC044002C8FB4 /* CoreData */ = {
			isa = PBXGroup;
			children = (
				C763B585266BC08E002C8FB4 /* CoreDataRepositoryServiceTest.swift */,
			);
			path = CoreData;
			sourceTree = "<group>";
		};
		C782163D265166E900323093 /* Neumorphism */ = {
			isa = PBXGroup;
			children = (
				C782163E265166FF00323093 /* NeumorphismButton.swift */,
				C78216402651671F00323093 /* NeumorphismExtensions.swift */,
				C78216422651698000323093 /* Media.xcassets */,
				C78216442651741C00323093 /* ColorsExtension.swift */,
			);
			path = Neumorphism;
			sourceTree = "<group>";
		};
		C794C9A62659724500E6AC1F /* DGPPrivateDataTests */ = {
			isa = PBXGroup;
			children = (
				C763B584266BC044002C8FB4 /* CoreData */,
				C7D9AE9C2663C0B4005009A6 /* Helpers */,
				C794C9A92659724500E6AC1F /* Info.plist */,
				C763B583266BC02C002C8FB4 /* Managers */,
				C7D9AE8D2663ACCF005009A6 /* Scenes */,
			);
			path = DGPPrivateDataTests;
			sourceTree = "<group>";
		};
		C794C9B426599AE800E6AC1F /* Repository */ = {
			isa = PBXGroup;
			children = (
				C738A530265AB0A900B63AF8 /* Entry */,
				C794C9CD2659A91000E6AC1F /* Category */,
				C794C9B526599AFC00E6AC1F /* Repository.swift */,
				C794C9B826599D2800E6AC1F /* CoreDataRepository.swift */,
				C794C9D12659AA1100E6AC1F /* DomainModel.swift */,
				C738A53F265AC92600B63AF8 /* UnitOfWork.swift */,
			);
			path = Repository;
			sourceTree = "<group>";
		};
		C794C9CD2659A91000E6AC1F /* Category */ = {
			isa = PBXGroup;
			children = (
				C794C9BB2659A4F700E6AC1F /* CategoryRepository.swift */,
				C794C9CE2659A92100E6AC1F /* Category.swift */,
			);
			path = Category;
			sourceTree = "<group>";
		};
		C7AE5DF225FD1CA300C4C4D7 /* Filter */ = {
			isa = PBXGroup;
			children = (
				C75B17F02663F58B0030DD51 /* ViewModels */,
				C72056F1266399A300AFDA18 /* UI */,
				C7AE5DF325FD1CC400C4C4D7 /* FilterPresenter.swift */,
				C7AE5DF425FD1CC400C4C4D7 /* FilterWorker.swift */,
				C7AE5DF525FD1CC400C4C4D7 /* FilterRouter.swift */,
				C7AE5DF625FD1CC400C4C4D7 /* FilterModels.swift */,
				C7AE5DF725FD1CC400C4C4D7 /* FilterViewController.swift */,
				C7AE5DF825FD1CC400C4C4D7 /* FilterInteractor.swift */,
			);
			path = Filter;
			sourceTree = "<group>";
		};
		C7B9A1F925F54EFF00725F3F /* Managers */ = {
			isa = PBXGroup;
			children = (
				C7B9A1FA25F54F1900725F3F /* PasswordManager.swift */,
				C7501901264EDA98003E34D8 /* UserDefaultPreferencesService.swift */,
			);
			path = Managers;
			sourceTree = "<group>";
		};
		C7CA213A25E3D6CA00EB8ACE /* Protocol */ = {
			isa = PBXGroup;
			children = (
				C7CA213B25E3D6DC00EB8ACE /* UITextViewPlaceholderProtocol.swift */,
			);
			path = Protocol;
			sourceTree = "<group>";
		};
		C7D03C8725DE833E008303C6 /* View */ = {
			isa = PBXGroup;
			children = (
				C7EB5CF425DE72A800FB1AE8 /* Main.storyboard */,
				C72D8AF725DFEB1C0069C72E /* AddEditEntryView.swift */,
				C72D8AF925E01E3E0069C72E /* FieldEntryView.swift */,
				C7331AC625F2933800CDE439 /* AuthenticationView.swift */,
			);
			path = View;
			sourceTree = "<group>";
		};
		C7D03C9925DE8E8C008303C6 /* Resources */ = {
			isa = PBXGroup;
			children = (
				C7EB5CFC25DE72AA00FB1AE8 /* Info.plist */,
				C7EB5CF925DE72AA00FB1AE8 /* LaunchScreen.storyboard */,
				C7EB5CF725DE72AA00FB1AE8 /* Assets.xcassets */,
				C7CA213525E3BF0800EB8ACE /* Localizable.strings */,
			);
			path = Resources;
			sourceTree = "<group>";
		};
		C7D03CA025DEBB6A008303C6 /* Cell */ = {
			isa = PBXGroup;
			children = (
				C7D03CA125DEBB85008303C6 /* ListEntryViewCell.swift */,
				C71BF30C25F63945002239BE /* ConfigSliderViewCell.swift */,
				C71BF30E25F639A1002239BE /* ConfigStepperViewCell.swift */,
			);
			path = Cell;
			sourceTree = "<group>";
		};
		C7D9AE8D2663ACCF005009A6 /* Scenes */ = {
			isa = PBXGroup;
			children = (
				C74861152667F18B002E9846 /* ListEntrys */,
				C7D9AE8E2663AD04005009A6 /* Filter */,
			);
			path = Scenes;
			sourceTree = "<group>";
		};
		C7D9AE8E2663AD04005009A6 /* Filter */ = {
			isa = PBXGroup;
			children = (
				C7D9AE8F2663AD22005009A6 /* FilterViewControllerTests.swift */,
			);
			path = Filter;
			sourceTree = "<group>";
		};
		C7D9AE9C2663C0B4005009A6 /* Helpers */ = {
			isa = PBXGroup;
			children = (
				C7D9AE9D2663C0C5005009A6 /* TableViewHelpers.swift */,
				C759827A266CEB75002520E4 /* XCTestCaseExtension.swift */,
			);
			path = Helpers;
			sourceTree = "<group>";
		};
		C7EB5CE225DE72A800FB1AE8 = {
			isa = PBXGroup;
			children = (
				C7EB5CED25DE72A800FB1AE8 /* DGPPrivateData */,
				C794C9A62659724500E6AC1F /* DGPPrivateDataTests */,
				C7EB5D0825DE793A00FB1AE8 /* Frameworks */,
				F7C6E9897FA3FB0A08170A1C /* Pods */,
				C7EB5CEC25DE72A800FB1AE8 /* Products */,
			);
			sourceTree = "<group>";
		};
		C7EB5CEC25DE72A800FB1AE8 /* Products */ = {
			isa = PBXGroup;
			children = (
				C7EB5CEB25DE72A800FB1AE8 /* DGPPrivateData.app */,
				C794C9A52659724500E6AC1F /* DGPPrivateDataTests.xctest */,
			);
			name = Products;
			sourceTree = "<group>";
		};
		C7EB5CED25DE72A800FB1AE8 /* DGPPrivateData */ = {
			isa = PBXGroup;
			children = (
				C7EB5CEE25DE72A800FB1AE8 /* AppDelegate.swift */,
				C7D03CA025DEBB6A008303C6 /* Cell */,
				C7EB5D0325DE76D600FB1AE8 /* CoreData */,
				C72D8AFB25E024E10069C72E /* ExtensionsAndUtils */,
				C7F6FBAF25E52DBB00CB42BB /* Library */,
				C7B9A1F925F54EFF00725F3F /* Managers */,
				C7CA213A25E3D6CA00EB8ACE /* Protocol */,
				C7D03C9925DE8E8C008303C6 /* Resources */,
				C7EB5CF025DE72A800FB1AE8 /* SceneDelegate.swift */,
				C710204D25F12AEF0085535B /* Scenes */,
				C75B17F42663F5F50030DD51 /* SharedModels */,
				C7D03C8725DE833E008303C6 /* View */,
			);
			path = DGPPrivateData;
			sourceTree = "<group>";
		};
		C7EB5D0325DE76D600FB1AE8 /* CoreData */ = {
			isa = PBXGroup;
			children = (
				C794C9B426599AE800E6AC1F /* Repository */,
				C7EB5D0C25DE7A3000FB1AE8 /* ModelCoreData */,
				C7EB5D0425DE76FA00FB1AE8 /* DGPPrivateModel.xcdatamodeld */,
				C7D03C9325DE8787008303C6 /* CoreDataStack.swift */,
				C7D03C9625DE89CC008303C6 /* CoreDataRepositoryService.swift */,
			);
			path = CoreData;
			sourceTree = "<group>";
		};
		C7EB5D0825DE793A00FB1AE8 /* Frameworks */ = {
			isa = PBXGroup;
			children = (
				C7EB5D0925DE793B00FB1AE8 /* CoreData.framework */,
				841B5D729FAF67188FD843C3 /* Pods_DGPPrivateData.framework */,
			);
			name = Frameworks;
			sourceTree = "<group>";
		};
		C7EB5D0C25DE7A3000FB1AE8 /* ModelCoreData */ = {
			isa = PBXGroup;
			children = (
				C794C9C02659A77B00E6AC1F /* CategoryMO+CoreDataClass.swift */,
				C794C9C12659A77B00E6AC1F /* CategoryMO+CoreDataProperties.swift */,
				C794C9C22659A77B00E6AC1F /* MasterUserMO+CoreDataClass.swift */,
				C794C9C32659A77B00E6AC1F /* MasterUserMO+CoreDataProperties.swift */,
				C794C9C42659A77B00E6AC1F /* EntryMO+CoreDataClass.swift */,
				C794C9C52659A77B00E6AC1F /* EntryMO+CoreDataProperties.swift */,
			);
			path = ModelCoreData;
			sourceTree = "<group>";
		};
		C7F6FBAF25E52DBB00CB42BB /* Library */ = {
			isa = PBXGroup;
			children = (
				C782163D265166E900323093 /* Neumorphism */,
				C7F6FBB025E52DC100CB42BB /* DGPPickerView */,
			);
			path = Library;
			sourceTree = "<group>";
		};
		C7F6FBB025E52DC100CB42BB /* DGPPickerView */ = {
			isa = PBXGroup;
			children = (
				C709A02B25E51633006DCAAE /* DGPPickerView.swift */,
			);
			path = DGPPickerView;
			sourceTree = "<group>";
		};
		C7F8E28C26503E040033E351 /* UI */ = {
			isa = PBXGroup;
			children = (
				C7D03C8A25DE8491008303C6 /* ListEntryView.swift */,
			);
			path = UI;
			sourceTree = "<group>";
		};
		F7C6E9897FA3FB0A08170A1C /* Pods */ = {
			isa = PBXGroup;
			children = (
				4BA934F49CC201650C496CBB /* Pods-DGPPrivateData.debug.xcconfig */,
				B3126E80869860E5357A6475 /* Pods-DGPPrivateData.release.xcconfig */,
			);
			path = Pods;
			sourceTree = "<group>";
		};
/* End PBXGroup section */

/* Begin PBXNativeTarget section */
		C794C9A42659724500E6AC1F /* DGPPrivateDataTests */ = {
			isa = PBXNativeTarget;
			buildConfigurationList = C794C9AE2659724500E6AC1F /* Build configuration list for PBXNativeTarget "DGPPrivateDataTests" */;
			buildPhases = (
				C794C9A12659724500E6AC1F /* Sources */,
				C794C9A22659724500E6AC1F /* Frameworks */,
				C794C9A32659724500E6AC1F /* Resources */,
			);
			buildRules = (
			);
			dependencies = (
				C794C9AB2659724500E6AC1F /* PBXTargetDependency */,
			);
			name = DGPPrivateDataTests;
			productName = DGPPrivateDataTests;
			productReference = C794C9A52659724500E6AC1F /* DGPPrivateDataTests.xctest */;
			productType = "com.apple.product-type.bundle.unit-test";
		};
		C7EB5CEA25DE72A800FB1AE8 /* DGPPrivateData */ = {
			isa = PBXNativeTarget;
			buildConfigurationList = C7EB5CFF25DE72AA00FB1AE8 /* Build configuration list for PBXNativeTarget "DGPPrivateData" */;
			buildPhases = (
				368E280C364F494001285C84 /* [CP] Check Pods Manifest.lock */,
				C7EB5CE725DE72A800FB1AE8 /* Sources */,
				C7EB5CE825DE72A800FB1AE8 /* Frameworks */,
				C7EB5CE925DE72A800FB1AE8 /* Resources */,
				C7D03CA925DEBC93008303C6 /* Embed Frameworks */,
				1B5E1488E651784B58BEEB50 /* [CP] Embed Pods Frameworks */,
			);
			buildRules = (
			);
			dependencies = (
			);
			name = DGPPrivateData;
			packageProductDependencies = (
				C7D03CA625DEBC93008303C6 /* DGPLibrary */,
				C7D03CAB25DEBDCA008303C6 /* DGPExtensionCore */,
			);
			productName = DGPPrivateData;
			productReference = C7EB5CEB25DE72A800FB1AE8 /* DGPPrivateData.app */;
			productType = "com.apple.product-type.application";
		};
/* End PBXNativeTarget section */

/* Begin PBXProject section */
		C7EB5CE325DE72A800FB1AE8 /* Project object */ = {
			isa = PBXProject;
			attributes = {
				LastSwiftUpdateCheck = 1240;
				LastUpgradeCheck = 1240;
				TargetAttributes = {
					C794C9A42659724500E6AC1F = {
						CreatedOnToolsVersion = 12.4;
						LastSwiftMigration = 1240;
						TestTargetID = C7EB5CEA25DE72A800FB1AE8;
					};
					C7EB5CEA25DE72A800FB1AE8 = {
						CreatedOnToolsVersion = 12.4;
					};
				};
			};
			buildConfigurationList = C7EB5CE625DE72A800FB1AE8 /* Build configuration list for PBXProject "DGPPrivateData" */;
			compatibilityVersion = "Xcode 9.3";
			developmentRegion = en;
			hasScannedForEncodings = 0;
			knownRegions = (
				en,
				Base,
				es,
			);
			mainGroup = C7EB5CE225DE72A800FB1AE8;
			packageReferences = (
				C7D03CA525DEBC93008303C6 /* XCRemoteSwiftPackageReference "dgplibrary" */,
				C7D03CAA25DEBDCA008303C6 /* XCRemoteSwiftPackageReference "dgpextensioncore" */,
			);
			productRefGroup = C7EB5CEC25DE72A800FB1AE8 /* Products */;
			projectDirPath = "";
			projectRoot = "";
			targets = (
				C7EB5CEA25DE72A800FB1AE8 /* DGPPrivateData */,
				C794C9A42659724500E6AC1F /* DGPPrivateDataTests */,
			);
		};
/* End PBXProject section */

/* Begin PBXResourcesBuildPhase section */
		C794C9A32659724500E6AC1F /* Resources */ = {
			isa = PBXResourcesBuildPhase;
			buildActionMask = 2147483647;
			files = (
			);
			runOnlyForDeploymentPostprocessing = 0;
		};
		C7EB5CE925DE72A800FB1AE8 /* Resources */ = {
			isa = PBXResourcesBuildPhase;
			buildActionMask = 2147483647;
			files = (
				C78216432651698000323093 /* Media.xcassets in Resources */,
				C7EB5CFB25DE72AA00FB1AE8 /* LaunchScreen.storyboard in Resources */,
				C7CA213325E3BF0800EB8ACE /* Localizable.strings in Resources */,
				C7EB5CF825DE72AA00FB1AE8 /* Assets.xcassets in Resources */,
				C7EB5CF625DE72A800FB1AE8 /* Main.storyboard in Resources */,
			);
			runOnlyForDeploymentPostprocessing = 0;
		};
/* End PBXResourcesBuildPhase section */

/* Begin PBXShellScriptBuildPhase section */
		1B5E1488E651784B58BEEB50 /* [CP] Embed Pods Frameworks */ = {
			isa = PBXShellScriptBuildPhase;
			buildActionMask = 2147483647;
			files = (
			);
			inputFileListPaths = (
				"${PODS_ROOT}/Target Support Files/Pods-DGPPrivateData/Pods-DGPPrivateData-frameworks-${CONFIGURATION}-input-files.xcfilelist",
			);
			name = "[CP] Embed Pods Frameworks";
			outputFileListPaths = (
				"${PODS_ROOT}/Target Support Files/Pods-DGPPrivateData/Pods-DGPPrivateData-frameworks-${CONFIGURATION}-output-files.xcfilelist",
			);
			runOnlyForDeploymentPostprocessing = 0;
			shellPath = /bin/sh;
			shellScript = "\"${PODS_ROOT}/Target Support Files/Pods-DGPPrivateData/Pods-DGPPrivateData-frameworks.sh\"\n";
			showEnvVarsInLog = 0;
		};
		368E280C364F494001285C84 /* [CP] Check Pods Manifest.lock */ = {
			isa = PBXShellScriptBuildPhase;
			buildActionMask = 2147483647;
			files = (
			);
			inputFileListPaths = (
			);
			inputPaths = (
				"${PODS_PODFILE_DIR_PATH}/Podfile.lock",
				"${PODS_ROOT}/Manifest.lock",
			);
			name = "[CP] Check Pods Manifest.lock";
			outputFileListPaths = (
			);
			outputPaths = (
				"$(DERIVED_FILE_DIR)/Pods-DGPPrivateData-checkManifestLockResult.txt",
			);
			runOnlyForDeploymentPostprocessing = 0;
			shellPath = /bin/sh;
			shellScript = "diff \"${PODS_PODFILE_DIR_PATH}/Podfile.lock\" \"${PODS_ROOT}/Manifest.lock\" > /dev/null\nif [ $? != 0 ] ; then\n    # print error to STDERR\n    echo \"error: The sandbox is not in sync with the Podfile.lock. Run 'pod install' or update your CocoaPods installation.\" >&2\n    exit 1\nfi\n# This output is used by Xcode 'outputs' to avoid re-running this script phase.\necho \"SUCCESS\" > \"${SCRIPT_OUTPUT_FILE_0}\"\n";
			showEnvVarsInLog = 0;
		};
/* End PBXShellScriptBuildPhase section */

/* Begin PBXSourcesBuildPhase section */
		C794C9A12659724500E6AC1F /* Sources */ = {
			isa = PBXSourcesBuildPhase;
			buildActionMask = 2147483647;
			files = (
				C74861172667F1BB002E9846 /* ListEntryWorkerTest.swift in Sources */,
				C7D9AE932663AD22005009A6 /* FilterViewControllerTests.swift in Sources */,
				C763B586266BC08E002C8FB4 /* CoreDataRepositoryServiceTest.swift in Sources */,
				C7D9AE9E2663C0C5005009A6 /* TableViewHelpers.swift in Sources */,
				C759827B266CEB75002520E4 /* XCTestCaseExtension.swift in Sources */,
				C794C9B22659727800E6AC1F /* PasswordManagerTest.swift in Sources */,
			);
			runOnlyForDeploymentPostprocessing = 0;
		};
		C7EB5CE725DE72A800FB1AE8 /* Sources */ = {
			isa = PBXSourcesBuildPhase;
			buildActionMask = 2147483647;
			files = (
				C710206625F13CD60085535B /* AddEditEntryWorker.swift in Sources */,
				C75B17F22663F5AA0030DD51 /* FilterOptionViewModel.swift in Sources */,
				C7D9AEA22663D797005009A6 /* OrderFilterViewCell.swift in Sources */,
				C710206A25F13CD60085535B /* AddEditEntryInteractor.swift in Sources */,
				C7331AC325F291D000CDE439 /* AuthenticationModels.swift in Sources */,
				C7501902264EDA98003E34D8 /* UserDefaultPreferencesService.swift in Sources */,
				C78216452651741C00323093 /* ColorsExtension.swift in Sources */,
				C782163F265166FF00323093 /* NeumorphismButton.swift in Sources */,
				C71BF30125F61E4C002239BE /* PasswordGeneratorWorker.swift in Sources */,
				C72D8AF825DFEB1C0069C72E /* AddEditEntryView.swift in Sources */,
				C7FD51332655889900FED18E /* Constants.swift in Sources */,
				C7331AC525F291D000CDE439 /* AuthenticationInteractor.swift in Sources */,
				C794C9C92659A77B00E6AC1F /* MasterUserMO+CoreDataProperties.swift in Sources */,
				C794C9CB2659A77B00E6AC1F /* EntryMO+CoreDataProperties.swift in Sources */,
				C710206525F13CD60085535B /* AddEditEntryPresenter.swift in Sources */,
				C7D03C9725DE89CC008303C6 /* CoreDataRepositoryService.swift in Sources */,
				C7331AC225F291D000CDE439 /* AuthenticationRouter.swift in Sources */,
				C794C9C62659A77B00E6AC1F /* CategoryMO+CoreDataClass.swift in Sources */,
				C794C9BC2659A4F700E6AC1F /* CategoryRepository.swift in Sources */,
				C71BF30725F61F5C002239BE /* PasswordGeneratorView.swift in Sources */,
				C71BF30425F61E4C002239BE /* PasswordGeneratorViewController.swift in Sources */,
				C738A540265AC92600B63AF8 /* UnitOfWork.swift in Sources */,
				C71BF30F25F639A1002239BE /* ConfigStepperViewCell.swift in Sources */,
				C710206925F13CD60085535B /* AddEditEntryViewController.swift in Sources */,
				C794C9B926599D2800E6AC1F /* CoreDataRepository.swift in Sources */,
				C794C9C82659A77B00E6AC1F /* MasterUserMO+CoreDataClass.swift in Sources */,
				C794C9CF2659A92100E6AC1F /* Category.swift in Sources */,
				C7331AB025F234FF00CDE439 /* ErrorViewModel.swift in Sources */,
				C71BF30525F61E4C002239BE /* PasswordGeneratorInteractor.swift in Sources */,
				C710205725F12B320085535B /* ListEntryRouter.swift in Sources */,
				C7AE5E0425FD3FF000C4C4D7 /* FilterCellView.swift in Sources */,
				C7331AC725F2933800CDE439 /* AuthenticationView.swift in Sources */,
				C738A53D265AC58B00B63AF8 /* EntryRepository.swift in Sources */,
				C7F55A3D26655E0500662D27 /* UIImage.swift in Sources */,
				C710205825F12B320085535B /* ListEntryModels.swift in Sources */,
				C794C9CA2659A77B00E6AC1F /* EntryMO+CoreDataClass.swift in Sources */,
				C7B9A1F825F528B400725F3F /* ListEntryCellViewModel.swift in Sources */,
				C78DFF922660109600DD8298 /* UITextfieldTextview.swift in Sources */,
				C78216412651671F00323093 /* NeumorphismExtensions.swift in Sources */,
				C71BF30325F61E4C002239BE /* PasswordGeneratorModels.swift in Sources */,
				C71BF30225F61E4C002239BE /* PasswordGeneratorRouter.swift in Sources */,
				C7D03CA225DEBB85008303C6 /* ListEntryViewCell.swift in Sources */,
				C794C9B626599AFC00E6AC1F /* Repository.swift in Sources */,
				C72D8AFA25E01E3E0069C72E /* FieldEntryView.swift in Sources */,
				C7AE5E0625FD441B00C4C4D7 /* CollectionViewCellExtensions.swift in Sources */,
				C709A02C25E51633006DCAAE /* DGPPickerView.swift in Sources */,
				C71BF30B25F6322B002239BE /* DefaultStyleElement.swift in Sources */,
				C7D03C9425DE8787008303C6 /* CoreDataStack.swift in Sources */,
				C71BF30025F61E4C002239BE /* PasswordGeneratorPresenter.swift in Sources */,
				C7331AC125F291D000CDE439 /* AuthenticationWorker.swift in Sources */,
				C71BF30D25F63945002239BE /* ConfigSliderViewCell.swift in Sources */,
				C77A398F264EDF3A00ACB630 /* SequenceExtension.swift in Sources */,
				C7EB5CEF25DE72A800FB1AE8 /* AppDelegate.swift in Sources */,
				C72D8AFD25E024FB0069C72E /* Colors.swift in Sources */,
				C710206725F13CD60085535B /* AddEditEntryRouter.swift in Sources */,
				C7CA214125E4146300EB8ACE /* Storyboarded.swift in Sources */,
				C7331AC425F291D000CDE439 /* AuthenticationViewController.swift in Sources */,
				C7AE5E0025FD210400C4C4D7 /* FilterView.swift in Sources */,
				C7EB5CF125DE72A800FB1AE8 /* SceneDelegate.swift in Sources */,
				C794C9D22659AA1100E6AC1F /* DomainModel.swift in Sources */,
				C794C9C72659A77B00E6AC1F /* CategoryMO+CoreDataProperties.swift in Sources */,
				C7CA213C25E3D6DC00EB8ACE /* UITextViewPlaceholderProtocol.swift in Sources */,
				C75B17F62663F6150030DD51 /* Filter.swift in Sources */,
				C7AE5DFC25FD1CC400C4C4D7 /* FilterModels.swift in Sources */,
				C7AE5DFD25FD1CC500C4C4D7 /* FilterViewController.swift in Sources */,
				C7EB5D0625DE76FA00FB1AE8 /* DGPPrivateModel.xcdatamodeld in Sources */,
				C710206825F13CD60085535B /* AddEditEntryModels.swift in Sources */,
				C7AE5DFA25FD1CC400C4C4D7 /* FilterWorker.swift in Sources */,
				C7331AC025F291D000CDE439 /* AuthenticationPresenter.swift in Sources */,
				C7AE5DFE25FD1CC500C4C4D7 /* FilterInteractor.swift in Sources */,
				C7D03C8B25DE8491008303C6 /* ListEntryView.swift in Sources */,
				C710205625F12B320085535B /* ListEntryWorker.swift in Sources */,
				C7AE5E0225FD349800C4C4D7 /* ViewExtensions.swift in Sources */,
				C77BB3B826583158009C591C /* PasswordGeneratorComposer.swift in Sources */,
				C7AE5DF925FD1CC400C4C4D7 /* FilterPresenter.swift in Sources */,
				C738A52E265AB0A000B63AF8 /* Entry.swift in Sources */,
				C710205925F12B320085535B /* ListEntryViewController.swift in Sources */,
				C7B9A1FB25F54F1900725F3F /* PasswordManager.swift in Sources */,
				C7AE5DFB25FD1CC400C4C4D7 /* FilterRouter.swift in Sources */,
				C710205525F12B320085535B /* ListEntryPresenter.swift in Sources */,
				C710205A25F12B320085535B /* ListEntryInteractor.swift in Sources */,
			);
			runOnlyForDeploymentPostprocessing = 0;
		};
/* End PBXSourcesBuildPhase section */

/* Begin PBXTargetDependency section */
		C794C9AB2659724500E6AC1F /* PBXTargetDependency */ = {
			isa = PBXTargetDependency;
			target = C7EB5CEA25DE72A800FB1AE8 /* DGPPrivateData */;
			targetProxy = C794C9AA2659724500E6AC1F /* PBXContainerItemProxy */;
		};
/* End PBXTargetDependency section */

/* Begin PBXVariantGroup section */
		C7CA213525E3BF0800EB8ACE /* Localizable.strings */ = {
			isa = PBXVariantGroup;
			children = (
				C7CA213425E3BF0800EB8ACE /* en */,
				C7CA213625E3BF4600EB8ACE /* es */,
			);
			name = Localizable.strings;
			sourceTree = "<group>";
		};
		C7EB5CF425DE72A800FB1AE8 /* Main.storyboard */ = {
			isa = PBXVariantGroup;
			children = (
				C7EB5CF525DE72A800FB1AE8 /* Base */,
			);
			name = Main.storyboard;
			sourceTree = "<group>";
		};
		C7EB5CF925DE72AA00FB1AE8 /* LaunchScreen.storyboard */ = {
			isa = PBXVariantGroup;
			children = (
				C7EB5CFA25DE72AA00FB1AE8 /* Base */,
			);
			name = LaunchScreen.storyboard;
			sourceTree = "<group>";
		};
/* End PBXVariantGroup section */

/* Begin XCBuildConfiguration section */
		C794C9AC2659724500E6AC1F /* Debug */ = {
			isa = XCBuildConfiguration;
			buildSettings = {
				BUNDLE_LOADER = "$(TEST_HOST)";
				CLANG_ENABLE_MODULES = YES;
				CODE_SIGN_STYLE = Automatic;
				DEVELOPMENT_TEAM = D6C5CCM5T8;
				INFOPLIST_FILE = DGPPrivateDataTests/Info.plist;
				LD_RUNPATH_SEARCH_PATHS = (
					"$(inherited)",
					"@executable_path/Frameworks",
					"@loader_path/Frameworks",
				);
				PRODUCT_BUNDLE_IDENTIFIER = es.danigp.DGPPrivateDataTests;
				PRODUCT_NAME = "$(TARGET_NAME)";
				SWIFT_OPTIMIZATION_LEVEL = "-Onone";
				SWIFT_VERSION = 5.0;
				TARGETED_DEVICE_FAMILY = "1,2";
				TEST_HOST = "$(BUILT_PRODUCTS_DIR)/DGPPrivateData.app/DGPPrivateData";
			};
			name = Debug;
		};
		C794C9AD2659724500E6AC1F /* Release */ = {
			isa = XCBuildConfiguration;
			buildSettings = {
				BUNDLE_LOADER = "$(TEST_HOST)";
				CLANG_ENABLE_MODULES = YES;
				CODE_SIGN_STYLE = Automatic;
				DEVELOPMENT_TEAM = D6C5CCM5T8;
				INFOPLIST_FILE = DGPPrivateDataTests/Info.plist;
				LD_RUNPATH_SEARCH_PATHS = (
					"$(inherited)",
					"@executable_path/Frameworks",
					"@loader_path/Frameworks",
				);
				PRODUCT_BUNDLE_IDENTIFIER = es.danigp.DGPPrivateDataTests;
				PRODUCT_NAME = "$(TARGET_NAME)";
				SWIFT_VERSION = 5.0;
				TARGETED_DEVICE_FAMILY = "1,2";
				TEST_HOST = "$(BUILT_PRODUCTS_DIR)/DGPPrivateData.app/DGPPrivateData";
			};
			name = Release;
		};
		C7EB5CFD25DE72AA00FB1AE8 /* Debug */ = {
			isa = XCBuildConfiguration;
			buildSettings = {
				ALWAYS_SEARCH_USER_PATHS = NO;
				CLANG_ANALYZER_LOCALIZABILITY_NONLOCALIZED = YES;
				CLANG_ANALYZER_NONNULL = YES;
				CLANG_ANALYZER_NUMBER_OBJECT_CONVERSION = YES_AGGRESSIVE;
				CLANG_CXX_LANGUAGE_STANDARD = "gnu++14";
				CLANG_CXX_LIBRARY = "libc++";
				CLANG_ENABLE_MODULES = YES;
				CLANG_ENABLE_OBJC_ARC = YES;
				CLANG_ENABLE_OBJC_WEAK = YES;
				CLANG_WARN_BLOCK_CAPTURE_AUTORELEASING = YES;
				CLANG_WARN_BOOL_CONVERSION = YES;
				CLANG_WARN_COMMA = YES;
				CLANG_WARN_CONSTANT_CONVERSION = YES;
				CLANG_WARN_DEPRECATED_OBJC_IMPLEMENTATIONS = YES;
				CLANG_WARN_DIRECT_OBJC_ISA_USAGE = YES_ERROR;
				CLANG_WARN_DOCUMENTATION_COMMENTS = YES;
				CLANG_WARN_EMPTY_BODY = YES;
				CLANG_WARN_ENUM_CONVERSION = YES;
				CLANG_WARN_INFINITE_RECURSION = YES;
				CLANG_WARN_INT_CONVERSION = YES;
				CLANG_WARN_NON_LITERAL_NULL_CONVERSION = YES;
				CLANG_WARN_OBJC_IMPLICIT_RETAIN_SELF = YES;
				CLANG_WARN_OBJC_LITERAL_CONVERSION = YES;
				CLANG_WARN_OBJC_ROOT_CLASS = YES_ERROR;
				CLANG_WARN_QUOTED_INCLUDE_IN_FRAMEWORK_HEADER = YES;
				CLANG_WARN_RANGE_LOOP_ANALYSIS = YES;
				CLANG_WARN_STRICT_PROTOTYPES = YES;
				CLANG_WARN_SUSPICIOUS_MOVE = YES;
				CLANG_WARN_UNGUARDED_AVAILABILITY = YES_AGGRESSIVE;
				CLANG_WARN_UNREACHABLE_CODE = YES;
				CLANG_WARN__DUPLICATE_METHOD_MATCH = YES;
				COPY_PHASE_STRIP = NO;
				DEBUG_INFORMATION_FORMAT = dwarf;
				ENABLE_STRICT_OBJC_MSGSEND = YES;
				ENABLE_TESTABILITY = YES;
				GCC_C_LANGUAGE_STANDARD = gnu11;
				GCC_DYNAMIC_NO_PIC = NO;
				GCC_NO_COMMON_BLOCKS = YES;
				GCC_OPTIMIZATION_LEVEL = 0;
				GCC_PREPROCESSOR_DEFINITIONS = (
					"DEBUG=1",
					"$(inherited)",
				);
				GCC_WARN_64_TO_32_BIT_CONVERSION = YES;
				GCC_WARN_ABOUT_RETURN_TYPE = YES_ERROR;
				GCC_WARN_UNDECLARED_SELECTOR = YES;
				GCC_WARN_UNINITIALIZED_AUTOS = YES_AGGRESSIVE;
				GCC_WARN_UNUSED_FUNCTION = YES;
				GCC_WARN_UNUSED_VARIABLE = YES;
				IPHONEOS_DEPLOYMENT_TARGET = 14.4;
				MTL_ENABLE_DEBUG_INFO = INCLUDE_SOURCE;
				MTL_FAST_MATH = YES;
				ONLY_ACTIVE_ARCH = YES;
				SDKROOT = iphoneos;
				SWIFT_ACTIVE_COMPILATION_CONDITIONS = DEBUG;
				SWIFT_OPTIMIZATION_LEVEL = "-Onone";
			};
			name = Debug;
		};
		C7EB5CFE25DE72AA00FB1AE8 /* Release */ = {
			isa = XCBuildConfiguration;
			buildSettings = {
				ALWAYS_SEARCH_USER_PATHS = NO;
				CLANG_ANALYZER_LOCALIZABILITY_NONLOCALIZED = YES;
				CLANG_ANALYZER_NONNULL = YES;
				CLANG_ANALYZER_NUMBER_OBJECT_CONVERSION = YES_AGGRESSIVE;
				CLANG_CXX_LANGUAGE_STANDARD = "gnu++14";
				CLANG_CXX_LIBRARY = "libc++";
				CLANG_ENABLE_MODULES = YES;
				CLANG_ENABLE_OBJC_ARC = YES;
				CLANG_ENABLE_OBJC_WEAK = YES;
				CLANG_WARN_BLOCK_CAPTURE_AUTORELEASING = YES;
				CLANG_WARN_BOOL_CONVERSION = YES;
				CLANG_WARN_COMMA = YES;
				CLANG_WARN_CONSTANT_CONVERSION = YES;
				CLANG_WARN_DEPRECATED_OBJC_IMPLEMENTATIONS = YES;
				CLANG_WARN_DIRECT_OBJC_ISA_USAGE = YES_ERROR;
				CLANG_WARN_DOCUMENTATION_COMMENTS = YES;
				CLANG_WARN_EMPTY_BODY = YES;
				CLANG_WARN_ENUM_CONVERSION = YES;
				CLANG_WARN_INFINITE_RECURSION = YES;
				CLANG_WARN_INT_CONVERSION = YES;
				CLANG_WARN_NON_LITERAL_NULL_CONVERSION = YES;
				CLANG_WARN_OBJC_IMPLICIT_RETAIN_SELF = YES;
				CLANG_WARN_OBJC_LITERAL_CONVERSION = YES;
				CLANG_WARN_OBJC_ROOT_CLASS = YES_ERROR;
				CLANG_WARN_QUOTED_INCLUDE_IN_FRAMEWORK_HEADER = YES;
				CLANG_WARN_RANGE_LOOP_ANALYSIS = YES;
				CLANG_WARN_STRICT_PROTOTYPES = YES;
				CLANG_WARN_SUSPICIOUS_MOVE = YES;
				CLANG_WARN_UNGUARDED_AVAILABILITY = YES_AGGRESSIVE;
				CLANG_WARN_UNREACHABLE_CODE = YES;
				CLANG_WARN__DUPLICATE_METHOD_MATCH = YES;
				COPY_PHASE_STRIP = NO;
				DEBUG_INFORMATION_FORMAT = "dwarf-with-dsym";
				ENABLE_NS_ASSERTIONS = NO;
				ENABLE_STRICT_OBJC_MSGSEND = YES;
				GCC_C_LANGUAGE_STANDARD = gnu11;
				GCC_NO_COMMON_BLOCKS = YES;
				GCC_WARN_64_TO_32_BIT_CONVERSION = YES;
				GCC_WARN_ABOUT_RETURN_TYPE = YES_ERROR;
				GCC_WARN_UNDECLARED_SELECTOR = YES;
				GCC_WARN_UNINITIALIZED_AUTOS = YES_AGGRESSIVE;
				GCC_WARN_UNUSED_FUNCTION = YES;
				GCC_WARN_UNUSED_VARIABLE = YES;
				IPHONEOS_DEPLOYMENT_TARGET = 14.4;
				MTL_ENABLE_DEBUG_INFO = NO;
				MTL_FAST_MATH = YES;
				SDKROOT = iphoneos;
				SWIFT_COMPILATION_MODE = wholemodule;
				SWIFT_OPTIMIZATION_LEVEL = "-O";
				VALIDATE_PRODUCT = YES;
			};
			name = Release;
		};
		C7EB5D0025DE72AA00FB1AE8 /* Debug */ = {
			isa = XCBuildConfiguration;
			baseConfigurationReference = 4BA934F49CC201650C496CBB /* Pods-DGPPrivateData.debug.xcconfig */;
			buildSettings = {
				ASSETCATALOG_COMPILER_APPICON_NAME = AppIcon;
				ASSETCATALOG_COMPILER_GLOBAL_ACCENT_COLOR_NAME = AccentColor;
				CODE_SIGN_STYLE = Automatic;
				DEVELOPMENT_TEAM = D6C5CCM5T8;
				INFOPLIST_FILE = DGPPrivateData/Resources/Info.plist;
				LD_RUNPATH_SEARCH_PATHS = (
					"$(inherited)",
					"@executable_path/Frameworks",
				);
				PRODUCT_BUNDLE_IDENTIFIER = es.danigp.DGPPrivateData;
				PRODUCT_NAME = "$(TARGET_NAME)";
				SWIFT_ACTIVE_COMPILATION_CONDITIONS = "DEBUG BETA";
				SWIFT_VERSION = 5.0;
				TARGETED_DEVICE_FAMILY = "1,2";
			};
			name = Debug;
		};
		C7EB5D0125DE72AA00FB1AE8 /* Release */ = {
			isa = XCBuildConfiguration;
			baseConfigurationReference = B3126E80869860E5357A6475 /* Pods-DGPPrivateData.release.xcconfig */;
			buildSettings = {
				ASSETCATALOG_COMPILER_APPICON_NAME = AppIcon;
				ASSETCATALOG_COMPILER_GLOBAL_ACCENT_COLOR_NAME = AccentColor;
				CODE_SIGN_STYLE = Automatic;
				DEVELOPMENT_TEAM = D6C5CCM5T8;
				INFOPLIST_FILE = DGPPrivateData/Resources/Info.plist;
				LD_RUNPATH_SEARCH_PATHS = (
					"$(inherited)",
					"@executable_path/Frameworks",
				);
				PRODUCT_BUNDLE_IDENTIFIER = es.danigp.DGPPrivateData;
				PRODUCT_NAME = "$(TARGET_NAME)";
				"SWIFT_ACTIVE_COMPILATION_CONDITIONS[arch=*]" = "";
				SWIFT_VERSION = 5.0;
				TARGETED_DEVICE_FAMILY = "1,2";
			};
			name = Release;
		};
/* End XCBuildConfiguration section */

/* Begin XCConfigurationList section */
		C794C9AE2659724500E6AC1F /* Build configuration list for PBXNativeTarget "DGPPrivateDataTests" */ = {
			isa = XCConfigurationList;
			buildConfigurations = (
				C794C9AC2659724500E6AC1F /* Debug */,
				C794C9AD2659724500E6AC1F /* Release */,
			);
			defaultConfigurationIsVisible = 0;
			defaultConfigurationName = Release;
		};
		C7EB5CE625DE72A800FB1AE8 /* Build configuration list for PBXProject "DGPPrivateData" */ = {
			isa = XCConfigurationList;
			buildConfigurations = (
				C7EB5CFD25DE72AA00FB1AE8 /* Debug */,
				C7EB5CFE25DE72AA00FB1AE8 /* Release */,
			);
			defaultConfigurationIsVisible = 0;
			defaultConfigurationName = Release;
		};
		C7EB5CFF25DE72AA00FB1AE8 /* Build configuration list for PBXNativeTarget "DGPPrivateData" */ = {
			isa = XCConfigurationList;
			buildConfigurations = (
				C7EB5D0025DE72AA00FB1AE8 /* Debug */,
				C7EB5D0125DE72AA00FB1AE8 /* Release */,
			);
			defaultConfigurationIsVisible = 0;
			defaultConfigurationName = Release;
		};
/* End XCConfigurationList section */

/* Begin XCRemoteSwiftPackageReference section */
		C7D03CA525DEBC93008303C6 /* XCRemoteSwiftPackageReference "dgplibrary" */ = {
			isa = XCRemoteSwiftPackageReference;
			repositoryURL = "https://daniel_ios@bitbucket.org/daniel_ios/dgplibrary.git";
			requirement = {
				branch = master;
				kind = branch;
			};
		};
		C7D03CAA25DEBDCA008303C6 /* XCRemoteSwiftPackageReference "dgpextensioncore" */ = {
			isa = XCRemoteSwiftPackageReference;
			repositoryURL = "https://daniel_ios@bitbucket.org/daniel_ios/dgpextensioncore.git";
			requirement = {
				branch = master;
				kind = branch;
			};
		};
/* End XCRemoteSwiftPackageReference section */

/* Begin XCSwiftPackageProductDependency section */
		C7D03CA625DEBC93008303C6 /* DGPLibrary */ = {
			isa = XCSwiftPackageProductDependency;
			package = C7D03CA525DEBC93008303C6 /* XCRemoteSwiftPackageReference "dgplibrary" */;
			productName = DGPLibrary;
		};
		C7D03CAB25DEBDCA008303C6 /* DGPExtensionCore */ = {
			isa = XCSwiftPackageProductDependency;
			package = C7D03CAA25DEBDCA008303C6 /* XCRemoteSwiftPackageReference "dgpextensioncore" */;
			productName = DGPExtensionCore;
		};
/* End XCSwiftPackageProductDependency section */

/* Begin XCVersionGroup section */
		C7EB5D0425DE76FA00FB1AE8 /* DGPPrivateModel.xcdatamodeld */ = {
			isa = XCVersionGroup;
			children = (
				C7EB5D0525DE76FA00FB1AE8 /* DGPPrivateModel.xcdatamodel */,
			);
			currentVersion = C7EB5D0525DE76FA00FB1AE8 /* DGPPrivateModel.xcdatamodel */;
			path = DGPPrivateModel.xcdatamodeld;
			sourceTree = "<group>";
			versionGroupType = wrapper.xcdatamodel;
		};
/* End XCVersionGroup section */
	};
	rootObject = C7EB5CE325DE72A800FB1AE8 /* Project object */;
}
