{
  "object": {
    "pins": [
      {
        "package": "DGPExtensionCore",
        "repositoryURL": "https://daniel_ios@bitbucket.org/daniel_ios/dgpextensioncore.git",
        "state": {
          "branch": "master",
          "revision": "842f4b776a413b1ccda53c6e621f7195d7137830",
          "version": null
        }
      },
      {
        "package": "DGPLibrary",
        "repositoryURL": "https://daniel_ios@bitbucket.org/daniel_ios/dgplibrary.git",
        "state": {
          "branch": "master",
          "revision": "cdb579342ab412c0c5e6b850c8cc5c5a9f9446a2",
          "version": null
        }
      }
    ]
  },
  "version": 1
}
